
Microsoft Visual Studio Solution File, Format Version 12.00
# Visual Studio Version 17
VisualStudioVersion = 17.5.33516.290
MinimumVisualStudioVersion = 10.0.40219.1
Project("{FAE04EC0-301F-11D3-BF4B-00C04F79EFBC}") = "eTickets", "eTickets\eTickets.csproj", "{A65BEA6C-B879-4ABA-B699-24BF8AA3B269}"
EndProject
Global
	GlobalSection(SolutionConfigurationPlatforms) = preSolution
		Debug|Any CPU = Debug|Any CPU
		Release|Any CPU = Release|Any CPU
	EndGlobalSection
	GlobalSection(ProjectConfigurationPlatforms) = postSolution
		{A65BEA6C-B879-4ABA-B699-24BF8AA3B269}.Debug|Any CPU.ActiveCfg = Debug|Any CPU
		{A65BEA6C-B879-4ABA-B699-24BF8AA3B269}.Debug|Any CPU.Build.0 = Debug|Any CPU
		{A65BEA6C-B879-4ABA-B699-24BF8AA3B269}.Release|Any CPU.ActiveCfg = Release|Any CPU
		{A65BEA6C-B879-4ABA-B699-24BF8AA3B269}.Release|Any CPU.Build.0 = Release|Any CPU
	EndGlobalSection
	GlobalSection(SolutionProperties) = preSolution
		HideSolutionNode = FALSE
	EndGlobalSection
	GlobalSection(ExtensibilityGlobals) = postSolution
		SolutionGuid = {C7CA80BC-DB9C-4212-A846-5B1B4912216D}
	EndGlobalSection
EndGlobal
